
Microsoft Visual Studio Solution File, Format Version 12.00
# Visual Studio Version 17
VisualStudioVersion = 17.7.34018.315
MinimumVisualStudioVersion = 10.0.40219.1
Project("{9A19103F-16F7-4668-BE54-9A1E7A4F7556}") = "ChildrenProblems", "ChildrenProblems\ChildrenProblems.csproj", "{6CBC89D9-1AFA-43DE-AFD4-73841162910D}"
EndProject
Project("{9A19103F-16F7-4668-BE54-9A1E7A4F7556}") = "Repository", "Repository\Repository.csproj", "{A7988F26-5067-433E-9CA4-B16BA26FAE90}"
EndProject
Project("{9A19103F-16F7-4668-BE54-9A1E7A4F7556}") = "Service", "Service\Service.csproj", "{7800061B-45B3-4747-A2BD-F5A1BBF314AB}"
EndProject
Project("{9A19103F-16F7-4668-BE54-9A1E7A4F7556}") = "Common", "Common\Common.csproj", "{CF6DAA16-C14D-4DFF-B760-1D4C2B0F1A23}"
EndProject
Project("{9A19103F-16F7-4668-BE54-9A1E7A4F7556}") = "DataContext", "DataContext\DataContext.csproj", "{2AD369F8-6EEB-4114-9F36-4DD672D05B49}"
EndProject
Global
	GlobalSection(SolutionConfigurationPlatforms) = preSolution
		Debug|Any CPU = Debug|Any CPU
		Release|Any CPU = Release|Any CPU
	EndGlobalSection
	GlobalSection(ProjectConfigurationPlatforms) = postSolution
		{6CBC89D9-1AFA-43DE-AFD4-73841162910D}.Debug|Any CPU.ActiveCfg = Debug|Any CPU
		{6CBC89D9-1AFA-43DE-AFD4-73841162910D}.Debug|Any CPU.Build.0 = Debug|Any CPU
		{6CBC89D9-1AFA-43DE-AFD4-73841162910D}.Release|Any CPU.ActiveCfg = Release|Any CPU
		{6CBC89D9-1AFA-43DE-AFD4-73841162910D}.Release|Any CPU.Build.0 = Release|Any CPU
		{A7988F26-5067-433E-9CA4-B16BA26FAE90}.Debug|Any CPU.ActiveCfg = Debug|Any CPU
		{A7988F26-5067-433E-9CA4-B16BA26FAE90}.Debug|Any CPU.Build.0 = Debug|Any CPU
		{A7988F26-5067-433E-9CA4-B16BA26FAE90}.Release|Any CPU.ActiveCfg = Release|Any CPU
		{A7988F26-5067-433E-9CA4-B16BA26FAE90}.Release|Any CPU.Build.0 = Release|Any CPU
		{7800061B-45B3-4747-A2BD-F5A1BBF314AB}.Debug|Any CPU.ActiveCfg = Debug|Any CPU
		{7800061B-45B3-4747-A2BD-F5A1BBF314AB}.Debug|Any CPU.Build.0 = Debug|Any CPU
		{7800061B-45B3-4747-A2BD-F5A1BBF314AB}.Release|Any CPU.ActiveCfg = Release|Any CPU
		{7800061B-45B3-4747-A2BD-F5A1BBF314AB}.Release|Any CPU.Build.0 = Release|Any CPU
		{CF6DAA16-C14D-4DFF-B760-1D4C2B0F1A23}.Debug|Any CPU.ActiveCfg = Debug|Any CPU
		{CF6DAA16-C14D-4DFF-B760-1D4C2B0F1A23}.Debug|Any CPU.Build.0 = Debug|Any CPU
		{CF6DAA16-C14D-4DFF-B760-1D4C2B0F1A23}.Release|Any CPU.ActiveCfg = Release|Any CPU
		{CF6DAA16-C14D-4DFF-B760-1D4C2B0F1A23}.Release|Any CPU.Build.0 = Release|Any CPU
		{2AD369F8-6EEB-4114-9F36-4DD672D05B49}.Debug|Any CPU.ActiveCfg = Debug|Any CPU
		{2AD369F8-6EEB-4114-9F36-4DD672D05B49}.Debug|Any CPU.Build.0 = Debug|Any CPU
		{2AD369F8-6EEB-4114-9F36-4DD672D05B49}.Release|Any CPU.ActiveCfg = Release|Any CPU
		{2AD369F8-6EEB-4114-9F36-4DD672D05B49}.Release|Any CPU.Build.0 = Release|Any CPU
	EndGlobalSection
	GlobalSection(SolutionProperties) = preSolution
		HideSolutionNode = FALSE
	EndGlobalSection
	GlobalSection(ExtensibilityGlobals) = postSolution
		SolutionGuid = {86D9E368-E4E3-4A57-A33B-8F0A525366C9}
	EndGlobalSection
EndGlobal
